
Microsoft Visual Studio Solution File, Format Version 12.00
# Visual Studio Version 16
VisualStudioVersion = 16.0.29311.281
MinimumVisualStudioVersion = 10.0.40219.1
Project("{FAE04EC0-301F-11D3-BF4B-00C04F79EFBC}") = "SnakeAndLadders", "SnakeAndLadders\SnakeAndLadders.csproj", "{9B5F22AE-34A8-4958-A701-2A98231EA562}"
EndProject
Global
	GlobalSection(SolutionConfigurationPlatforms) = preSolution
		Debug|Any CPU = Debug|Any CPU
		Release|Any CPU = Release|Any CPU
	EndGlobalSection
	GlobalSection(ProjectConfigurationPlatforms) = postSolution
		{9B5F22AE-34A8-4958-A701-2A98231EA562}.Debug|Any CPU.ActiveCfg = Debug|Any CPU
		{9B5F22AE-34A8-4958-A701-2A98231EA562}.Debug|Any CPU.Build.0 = Debug|Any CPU
		{9B5F22AE-34A8-4958-A701-2A98231EA562}.Release|Any CPU.ActiveCfg = Release|Any CPU
		{9B5F22AE-34A8-4958-A701-2A98231EA562}.Release|Any CPU.Build.0 = Release|Any CPU
	EndGlobalSection
	GlobalSection(SolutionProperties) = preSolution
		HideSolutionNode = FALSE
	EndGlobalSection
	GlobalSection(ExtensibilityGlobals) = postSolution
		SolutionGuid = {72E5DC3D-C56E-40D2-BB29-6DEC72273B2A}
	EndGlobalSection
EndGlobal
